
Microsoft Visual Studio Solution File, Format Version 12.00
# Visual Studio 15
VisualStudioVersion = 15.0.27703.2042
MinimumVisualStudioVersion = 10.0.40219.1
Project("{FAE04EC0-301F-11D3-BF4B-00C04F79EFBC}") = "A6", "A6\A6.csproj", "{32B0F8EB-104B-40E6-A0CB-87881D8C0E46}"
EndProject
Project("{FAE04EC0-301F-11D3-BF4B-00C04F79EFBC}") = "TestCommon", "..\Common\TestCommon\TestCommon.csproj", "{C39FF0C4-6960-42AD-8E2C-D2CAFE850A52}"
EndProject
Project("{FAE04EC0-301F-11D3-BF4B-00C04F79EFBC}") = "A6Test", "A6Test\A6Test.csproj", "{713AFFB8-7FA4-4570-BA38-BE442BF49CEC}"
EndProject
Global
	GlobalSection(SolutionConfigurationPlatforms) = preSolution
		Debug|Any CPU = Debug|Any CPU
		Release|Any CPU = Release|Any CPU
	EndGlobalSection
	GlobalSection(ProjectConfigurationPlatforms) = postSolution
		{32B0F8EB-104B-40E6-A0CB-87881D8C0E46}.Debug|Any CPU.ActiveCfg = Debug|Any CPU
		{32B0F8EB-104B-40E6-A0CB-87881D8C0E46}.Debug|Any CPU.Build.0 = Debug|Any CPU
		{32B0F8EB-104B-40E6-A0CB-87881D8C0E46}.Release|Any CPU.ActiveCfg = Release|Any CPU
		{32B0F8EB-104B-40E6-A0CB-87881D8C0E46}.Release|Any CPU.Build.0 = Release|Any CPU
		{C39FF0C4-6960-42AD-8E2C-D2CAFE850A52}.Debug|Any CPU.ActiveCfg = Debug|Any CPU
		{C39FF0C4-6960-42AD-8E2C-D2CAFE850A52}.Debug|Any CPU.Build.0 = Debug|Any CPU
		{C39FF0C4-6960-42AD-8E2C-D2CAFE850A52}.Release|Any CPU.ActiveCfg = Release|Any CPU
		{C39FF0C4-6960-42AD-8E2C-D2CAFE850A52}.Release|Any CPU.Build.0 = Release|Any CPU
		{713AFFB8-7FA4-4570-BA38-BE442BF49CEC}.Debug|Any CPU.ActiveCfg = Debug|Any CPU
		{713AFFB8-7FA4-4570-BA38-BE442BF49CEC}.Debug|Any CPU.Build.0 = Debug|Any CPU
		{713AFFB8-7FA4-4570-BA38-BE442BF49CEC}.Release|Any CPU.ActiveCfg = Release|Any CPU
		{713AFFB8-7FA4-4570-BA38-BE442BF49CEC}.Release|Any CPU.Build.0 = Release|Any CPU
	EndGlobalSection
	GlobalSection(SolutionProperties) = preSolution
		HideSolutionNode = FALSE
	EndGlobalSection
	GlobalSection(ExtensibilityGlobals) = postSolution
		SolutionGuid = {830286A5-1A87-4540-8455-1199B93289EE}
	EndGlobalSection
EndGlobal
