
Microsoft Visual Studio Solution File, Format Version 12.00
# Visual Studio 15
VisualStudioVersion = 15.0.27703.2042
MinimumVisualStudioVersion = 10.0.40219.1
Project("{FAE04EC0-301F-11D3-BF4B-00C04F79EFBC}") = "A5", "A5\A5.csproj", "{3046D565-3081-462D-A597-ED4F204D03FC}"
EndProject
Project("{FAE04EC0-301F-11D3-BF4B-00C04F79EFBC}") = "TestCommon", "..\Common\TestCommon\TestCommon.csproj", "{C39FF0C4-6960-42AD-8E2C-D2CAFE850A52}"
EndProject
Project("{FAE04EC0-301F-11D3-BF4B-00C04F79EFBC}") = "A5Tests", "A5Tests\A5Tests.csproj", "{01D4A573-D2B1-4BAF-BB66-CA9F4D2AC41C}"
EndProject
Global
	GlobalSection(SolutionConfigurationPlatforms) = preSolution
		Debug|Any CPU = Debug|Any CPU
		Release|Any CPU = Release|Any CPU
	EndGlobalSection
	GlobalSection(ProjectConfigurationPlatforms) = postSolution
		{3046D565-3081-462D-A597-ED4F204D03FC}.Debug|Any CPU.ActiveCfg = Debug|Any CPU
		{3046D565-3081-462D-A597-ED4F204D03FC}.Debug|Any CPU.Build.0 = Debug|Any CPU
		{3046D565-3081-462D-A597-ED4F204D03FC}.Release|Any CPU.ActiveCfg = Release|Any CPU
		{3046D565-3081-462D-A597-ED4F204D03FC}.Release|Any CPU.Build.0 = Release|Any CPU
		{C39FF0C4-6960-42AD-8E2C-D2CAFE850A52}.Debug|Any CPU.ActiveCfg = Debug|Any CPU
		{C39FF0C4-6960-42AD-8E2C-D2CAFE850A52}.Debug|Any CPU.Build.0 = Debug|Any CPU
		{C39FF0C4-6960-42AD-8E2C-D2CAFE850A52}.Release|Any CPU.ActiveCfg = Release|Any CPU
		{C39FF0C4-6960-42AD-8E2C-D2CAFE850A52}.Release|Any CPU.Build.0 = Release|Any CPU
		{01D4A573-D2B1-4BAF-BB66-CA9F4D2AC41C}.Debug|Any CPU.ActiveCfg = Debug|Any CPU
		{01D4A573-D2B1-4BAF-BB66-CA9F4D2AC41C}.Debug|Any CPU.Build.0 = Debug|Any CPU
		{01D4A573-D2B1-4BAF-BB66-CA9F4D2AC41C}.Release|Any CPU.ActiveCfg = Release|Any CPU
		{01D4A573-D2B1-4BAF-BB66-CA9F4D2AC41C}.Release|Any CPU.Build.0 = Release|Any CPU
	EndGlobalSection
	GlobalSection(SolutionProperties) = preSolution
		HideSolutionNode = FALSE
	EndGlobalSection
	GlobalSection(ExtensibilityGlobals) = postSolution
		SolutionGuid = {D809FE94-2E40-4A9D-8C9A-FBFA3CDCA883}
	EndGlobalSection
EndGlobal
