
Microsoft Visual Studio Solution File, Format Version 12.00
# Visual Studio 15
VisualStudioVersion = 15.0.27703.2042
MinimumVisualStudioVersion = 10.0.40219.1
Project("{FAE04EC0-301F-11D3-BF4B-00C04F79EFBC}") = "A3", "A3\A3.csproj", "{9EB2D446-E442-4584-8472-EFB54EE2C8CA}"
EndProject
Project("{FAE04EC0-301F-11D3-BF4B-00C04F79EFBC}") = "A3Tests", "A3Tests\A3Tests.csproj", "{FA7A0579-78B0-4BEF-801D-C6317FCCCB38}"
EndProject
Project("{FAE04EC0-301F-11D3-BF4B-00C04F79EFBC}") = "TestCommon", "..\Common\TestCommon\TestCommon.csproj", "{C39FF0C4-6960-42AD-8E2C-D2CAFE850A52}"
EndProject
Global
	GlobalSection(SolutionConfigurationPlatforms) = preSolution
		Debug|Any CPU = Debug|Any CPU
		Release|Any CPU = Release|Any CPU
	EndGlobalSection
	GlobalSection(ProjectConfigurationPlatforms) = postSolution
		{9EB2D446-E442-4584-8472-EFB54EE2C8CA}.Debug|Any CPU.ActiveCfg = Debug|Any CPU
		{9EB2D446-E442-4584-8472-EFB54EE2C8CA}.Debug|Any CPU.Build.0 = Debug|Any CPU
		{9EB2D446-E442-4584-8472-EFB54EE2C8CA}.Release|Any CPU.ActiveCfg = Release|Any CPU
		{9EB2D446-E442-4584-8472-EFB54EE2C8CA}.Release|Any CPU.Build.0 = Release|Any CPU
		{FA7A0579-78B0-4BEF-801D-C6317FCCCB38}.Debug|Any CPU.ActiveCfg = Debug|Any CPU
		{FA7A0579-78B0-4BEF-801D-C6317FCCCB38}.Debug|Any CPU.Build.0 = Debug|Any CPU
		{FA7A0579-78B0-4BEF-801D-C6317FCCCB38}.Release|Any CPU.ActiveCfg = Release|Any CPU
		{FA7A0579-78B0-4BEF-801D-C6317FCCCB38}.Release|Any CPU.Build.0 = Release|Any CPU
		{C39FF0C4-6960-42AD-8E2C-D2CAFE850A52}.Debug|Any CPU.ActiveCfg = Debug|Any CPU
		{C39FF0C4-6960-42AD-8E2C-D2CAFE850A52}.Debug|Any CPU.Build.0 = Debug|Any CPU
		{C39FF0C4-6960-42AD-8E2C-D2CAFE850A52}.Release|Any CPU.ActiveCfg = Release|Any CPU
		{C39FF0C4-6960-42AD-8E2C-D2CAFE850A52}.Release|Any CPU.Build.0 = Release|Any CPU
	EndGlobalSection
	GlobalSection(SolutionProperties) = preSolution
		HideSolutionNode = FALSE
	EndGlobalSection
	GlobalSection(ExtensibilityGlobals) = postSolution
		SolutionGuid = {5501A7D3-21FB-4425-8739-C5DC854CE762}
	EndGlobalSection
EndGlobal
